
Microsoft Visual Studio Solution File, Format Version 12.00
# Visual Studio Version 17
VisualStudioVersion = 17.5.002.0
MinimumVisualStudioVersion = 10.0.40219.1
Project("{2150E333-8FDC-42A3-9474-1A3956D46DE8}") = "APP", "APP", "{B5158B80-768B-48E9-B652-72889A1FEE55}"
EndProject
Project("{9A19103F-16F7-4668-BE54-9A1E7A4F7556}") = "NetAppFiles", "APP\NetAppFiles\NetAppFiles.csproj", "{7EEA1FCD-40D7-4CA8-8C06-5A844F46A8A1}"
EndProject
Global
	GlobalSection(SolutionConfigurationPlatforms) = preSolution
		Debug|Any CPU = Debug|Any CPU
		Release|Any CPU = Release|Any CPU
	EndGlobalSection
	GlobalSection(ProjectConfigurationPlatforms) = postSolution
		{7EEA1FCD-40D7-4CA8-8C06-5A844F46A8A1}.Debug|Any CPU.ActiveCfg = Debug|Any CPU
		{7EEA1FCD-40D7-4CA8-8C06-5A844F46A8A1}.Debug|Any CPU.Build.0 = Debug|Any CPU
		{7EEA1FCD-40D7-4CA8-8C06-5A844F46A8A1}.Release|Any CPU.ActiveCfg = Release|Any CPU
		{7EEA1FCD-40D7-4CA8-8C06-5A844F46A8A1}.Release|Any CPU.Build.0 = Release|Any CPU
	EndGlobalSection
	GlobalSection(SolutionProperties) = preSolution
		HideSolutionNode = FALSE
	EndGlobalSection
	GlobalSection(NestedProjects) = preSolution
		{7EEA1FCD-40D7-4CA8-8C06-5A844F46A8A1} = {B5158B80-768B-48E9-B652-72889A1FEE55}
	EndGlobalSection
	GlobalSection(ExtensibilityGlobals) = postSolution
		SolutionGuid = {B94AE61B-0811-4D0C-ADA7-BE025716C6E3}
	EndGlobalSection
EndGlobal
